// !$*UTF8*$!
{
	archiveVersion = 1;
	classes = {
	};
	objectVersion = 77;
	objects = {

/* Begin PBXBuildFile section */
		09CF86D193C34F728A3916E4 /* NLPIngredientParserTests.swift in Sources */ = {isa = PBXBuildFile; fileRef = 25484B6E3C18485695BE861C /* NLPIngredientParserTests.swift */; };
		2B7444CCCB65A52DEBEC3B2B /* MockIngredientParser.swift in Sources */ = {isa = PBXBuildFile; fileRef = F4CF2DF120A08DEF84DD9B24 /* MockIngredientParser.swift */; };
		9B0555732EDB6A0D00A57B34 /* GroceryRecipeManagerUITestsLaunchTests.swift in Sources */ = {isa = PBXBuildFile; fileRef = 9B0555712EDB6A0D00A57B34 /* GroceryRecipeManagerUITestsLaunchTests.swift */; };
		9B0555742EDB6A0D00A57B34 /* GroceryRecipeManagerUITests.swift in Sources */ = {isa = PBXBuildFile; fileRef = 9B0555702EDB6A0D00A57B34 /* GroceryRecipeManagerUITests.swift */; };
		9B56ECA92F08293B00877716 /* MigrationValidationTests.swift in Sources */ = {isa = PBXBuildFile; fileRef = 9B56ECA72F08293B00877716 /* MigrationValidationTests.swift */; };
		9B75A0020001000100B24679 /* RecipeServiceTests.swift in Sources */ = {isa = PBXBuildFile; fileRef = 9B75A0010001000100B24679 /* RecipeServiceTests.swift */; };
		9B75A0040002000200B24679 /* WeeklyListServiceTests.swift in Sources */ = {isa = PBXBuildFile; fileRef = 9B75A0030002000200B24679 /* WeeklyListServiceTests.swift */; };
		9B75A0060003000300B24679 /* IngredientTemplateServiceTests.swift in Sources */ = {isa = PBXBuildFile; fileRef = 9B75A0050003000300B24679 /* IngredientTemplateServiceTests.swift */; };
		9B75A0080004000400B24679 /* ParsingIntegrationTests.swift in Sources */ = {isa = PBXBuildFile; fileRef = 9B75A0070004000400B24679 /* ParsingIntegrationTests.swift */; };
		9B75A00B0006000600B24679 /* CoreDataInvariantsTests.swift in Sources */ = {isa = PBXBuildFile; fileRef = 9B75A00A0005000500B24679 /* CoreDataInvariantsTests.swift */; };
		9B78C7B62F36335900B24679 /* ParsingTelemetryServiceTests.swift in Sources */ = {isa = PBXBuildFile; fileRef = 9B78C7B42F36335900B24679 /* ParsingTelemetryServiceTests.swift */; };
		9B78C7B82F36340000B24679 /* GroceryMergeServiceTests.swift in Sources */ = {isa = PBXBuildFile; fileRef = 9B78C7B72F36340000B24679 /* GroceryMergeServiceTests.swift */; };
		9B78C7C12F36350000B24679 /* IngredientTemplateValidationTests.swift in Sources */ = {isa = PBXBuildFile; fileRef = 9B78C7C02F36350000B24679 /* IngredientTemplateValidationTests.swift */; };
		9B78C7C32F36350100B24679 /* IngredientTemplateNormalizationTests.swift in Sources */ = {isa = PBXBuildFile; fileRef = 9B78C7C22F36350100B24679 /* IngredientTemplateNormalizationTests.swift */; };
		9B78C7D12F36360000B24679 /* IngredientParsingServiceCleanNameTests.swift in Sources */ = {isa = PBXBuildFile; fileRef = 9B78C7D02F36360000B24679 /* IngredientParsingServiceCleanNameTests.swift */; };
		C3F6AF95B8B94FD3AA53BA1D /* HybridIngredientParserTests.swift in Sources */ = {isa = PBXBuildFile; fileRef = C225C423BCF440348D314FA3 /* HybridIngredientParserTests.swift */; };
		D4DB75CB66752D202B0B1B0B /* HybridParserRoutingTests.swift in Sources */ = {isa = PBXBuildFile; fileRef = D522278D54DA01CCBE6339C5 /* HybridParserRoutingTests.swift */; };
		E4D6DEE7E01946BAB09AD618 /* RegexIngredientParserTests.swift in Sources */ = {isa = PBXBuildFile; fileRef = A9DA9280DCE241D089E8A481 /* RegexIngredientParserTests.swift */; };
		M102T001OCRCLASS0000000A /* OCRLineClassifierTests.swift in Sources */ = {isa = PBXBuildFile; fileRef = M102T001OCRCLASS0000000B /* OCRLineClassifierTests.swift */; };
		M102T002HEURTEXT0000000A /* HeuristicTextExtractorTests.swift in Sources */ = {isa = PBXBuildFile; fileRef = M102T002HEURTEXT0000000B /* HeuristicTextExtractorTests.swift */; };
		M105T001CORPUSTEST000000A /* RecipeCorpusTests.swift in Sources */ = {isa = PBXBuildFile; fileRef = M105T001CORPUSTEST000000B /* RecipeCorpusTests.swift */; };
		M105T002FMCOMPARE000000A /* RecipeCorpusFMComparisonTests.swift in Sources */ = {isa = PBXBuildFile; fileRef = M105T002FMCOMPARE000000B /* RecipeCorpusFMComparisonTests.swift */; };
		M105T003CORPUS2TEST0000A /* RecipeCorpus2Tests.swift in Sources */ = {isa = PBXBuildFile; fileRef = M105T003CORPUS2TEST0000B /* RecipeCorpus2Tests.swift */; };
		M1068T01MATCHSVC00000A /* IngredientMatchServiceTests.swift in Sources */ = {isa = PBXBuildFile; fileRef = M1068T01MATCHSVC00000B /* IngredientMatchServiceTests.swift */; };
		M106T001MOCKLLMPARSER000A /* MockLLMIngredientParser.swift in Sources */ = {isa = PBXBuildFile; fileRef = M106T001MOCKLLMPARSER000B /* MockLLMIngredientParser.swift */; };
		M106T002CLAUDETESTS0000A /* ClaudeIngredientParserTests.swift in Sources */ = {isa = PBXBuildFile; fileRef = M106T002CLAUDETESTS0000B /* ClaudeIngredientParserTests.swift */; };
		M106T003LLMSETTINGS0000A /* LLMSettingsServiceTests.swift in Sources */ = {isa = PBXBuildFile; fileRef = M106T003LLMSETTINGS0000B /* LLMSettingsServiceTests.swift */; };
		M106T004IMPORTLLMTEST0A /* RecipeImportServiceLLMTests.swift in Sources */ = {isa = PBXBuildFile; fileRef = M106T004IMPORTLLMTEST0B /* RecipeImportServiceLLMTests.swift */; };
		M84P6001VTDTEST0000000A /* ViterbiDecoderTests.swift in Sources */ = {isa = PBXBuildFile; fileRef = M84P6001VTDTEST0000000B /* ViterbiDecoderTests.swift */; };
		M84P6002MLPTEST0000000A /* MLIngredientParserTests.swift in Sources */ = {isa = PBXBuildFile; fileRef = M84P6002MLPTEST0000000B /* MLIngredientParserTests.swift */; };
/* End PBXBuildFile section */

/* Begin PBXContainerItemProxy section */
		9B731C3E2E535C3300CE26F0 /* PBXContainerItemProxy */ = {
			isa = PBXContainerItemProxy;
			containerPortal = 9B731C212E535C3100CE26F0 /* Project object */;
			proxyType = 1;
			remoteGlobalIDString = 9B731C282E535C3100CE26F0;
			remoteInfo = GroceryRecipeManager;
		};
		9B731C482E535C3300CE26F0 /* PBXContainerItemProxy */ = {
			isa = PBXContainerItemProxy;
			containerPortal = 9B731C212E535C3100CE26F0 /* Project object */;
			proxyType = 1;
			remoteGlobalIDString = 9B731C282E535C3100CE26F0;
			remoteInfo = GroceryRecipeManager;
		};
/* End PBXContainerItemProxy section */

/* Begin PBXFileReference section */
		25484B6E3C18485695BE861C /* NLPIngredientParserTests.swift */ = {isa = PBXFileReference; lastKnownFileType = sourcecode.swift; path = NLPIngredientParserTests.swift; sourceTree = "<group>"; };
		9B0555702EDB6A0D00A57B34 /* GroceryRecipeManagerUITests.swift */ = {isa = PBXFileReference; lastKnownFileType = sourcecode.swift; path = GroceryRecipeManagerUITests.swift; sourceTree = "<group>"; };
		9B0555712EDB6A0D00A57B34 /* GroceryRecipeManagerUITestsLaunchTests.swift */ = {isa = PBXFileReference; lastKnownFileType = sourcecode.swift; path = GroceryRecipeManagerUITestsLaunchTests.swift; sourceTree = "<group>"; };
		9B56ECA72F08293B00877716 /* MigrationValidationTests.swift */ = {isa = PBXFileReference; lastKnownFileType = sourcecode.swift; path = MigrationValidationTests.swift; sourceTree = "<group>"; };
		9B731C292E535C3100CE26F0 /* forager.app */ = {isa = PBXFileReference; explicitFileType = wrapper.application; includeInIndex = 0; path = forager.app; sourceTree = BUILT_PRODUCTS_DIR; };
		9B731C3D2E535C3300CE26F0 /* foragerTests.xctest */ = {isa = PBXFileReference; explicitFileType = wrapper.cfbundle; includeInIndex = 0; path = foragerTests.xctest; sourceTree = BUILT_PRODUCTS_DIR; };
		9B731C472E535C3300CE26F0 /* foragerUITests.xctest */ = {isa = PBXFileReference; explicitFileType = wrapper.cfbundle; includeInIndex = 0; path = foragerUITests.xctest; sourceTree = BUILT_PRODUCTS_DIR; };
		9B75A0010001000100B24679 /* RecipeServiceTests.swift */ = {isa = PBXFileReference; lastKnownFileType = sourcecode.swift; path = RecipeServiceTests.swift; sourceTree = "<group>"; };
		9B75A0030002000200B24679 /* WeeklyListServiceTests.swift */ = {isa = PBXFileReference; lastKnownFileType = sourcecode.swift; path = WeeklyListServiceTests.swift; sourceTree = "<group>"; };
		9B75A0050003000300B24679 /* IngredientTemplateServiceTests.swift */ = {isa = PBXFileReference; lastKnownFileType = sourcecode.swift; path = IngredientTemplateServiceTests.swift; sourceTree = "<group>"; };
		9B75A0070004000400B24679 /* ParsingIntegrationTests.swift */ = {isa = PBXFileReference; lastKnownFileType = sourcecode.swift; path = ParsingIntegrationTests.swift; sourceTree = "<group>"; };
		9B75A00A0005000500B24679 /* CoreDataInvariantsTests.swift */ = {isa = PBXFileReference; lastKnownFileType = sourcecode.swift; path = CoreDataInvariantsTests.swift; sourceTree = "<group>"; };
		9B78C7B42F36335900B24679 /* ParsingTelemetryServiceTests.swift */ = {isa = PBXFileReference; lastKnownFileType = sourcecode.swift; path = ParsingTelemetryServiceTests.swift; sourceTree = "<group>"; };
		9B78C7B72F36340000B24679 /* GroceryMergeServiceTests.swift */ = {isa = PBXFileReference; lastKnownFileType = sourcecode.swift; path = GroceryMergeServiceTests.swift; sourceTree = "<group>"; };
		9B78C7C02F36350000B24679 /* IngredientTemplateValidationTests.swift */ = {isa = PBXFileReference; lastKnownFileType = sourcecode.swift; path = IngredientTemplateValidationTests.swift; sourceTree = "<group>"; };
		9B78C7C22F36350100B24679 /* IngredientTemplateNormalizationTests.swift */ = {isa = PBXFileReference; lastKnownFileType = sourcecode.swift; path = IngredientTemplateNormalizationTests.swift; sourceTree = "<group>"; };
		9B78C7D02F36360000B24679 /* IngredientParsingServiceCleanNameTests.swift */ = {isa = PBXFileReference; lastKnownFileType = sourcecode.swift; path = IngredientParsingServiceCleanNameTests.swift; sourceTree = "<group>"; };
		A9DA9280DCE241D089E8A481 /* RegexIngredientParserTests.swift */ = {isa = PBXFileReference; lastKnownFileType = sourcecode.swift; path = RegexIngredientParserTests.swift; sourceTree = "<group>"; };
		C225C423BCF440348D314FA3 /* HybridIngredientParserTests.swift */ = {isa = PBXFileReference; lastKnownFileType = sourcecode.swift; path = HybridIngredientParserTests.swift; sourceTree = "<group>"; };
		D522278D54DA01CCBE6339C5 /* HybridParserRoutingTests.swift */ = {isa = PBXFileReference; lastKnownFileType = sourcecode.swift; path = HybridParserRoutingTests.swift; sourceTree = "<group>"; };
		F4CF2DF120A08DEF84DD9B24 /* MockIngredientParser.swift */ = {isa = PBXFileReference; lastKnownFileType = sourcecode.swift; path = MockIngredientParser.swift; sourceTree = "<group>"; };
		M102T001OCRCLASS0000000B /* OCRLineClassifierTests.swift */ = {isa = PBXFileReference; lastKnownFileType = sourcecode.swift; path = OCRLineClassifierTests.swift; sourceTree = "<group>"; };
		M102T002HEURTEXT0000000B /* HeuristicTextExtractorTests.swift */ = {isa = PBXFileReference; lastKnownFileType = sourcecode.swift; path = HeuristicTextExtractorTests.swift; sourceTree = "<group>"; };
		M105T001CORPUSTEST000000B /* RecipeCorpusTests.swift */ = {isa = PBXFileReference; lastKnownFileType = sourcecode.swift; path = RecipeCorpusTests.swift; sourceTree = "<group>"; };
		M105T002FMCOMPARE000000B /* RecipeCorpusFMComparisonTests.swift */ = {isa = PBXFileReference; lastKnownFileType = sourcecode.swift; path = RecipeCorpusFMComparisonTests.swift; sourceTree = "<group>"; };
		M105T003CORPUS2TEST0000B /* RecipeCorpus2Tests.swift */ = {isa = PBXFileReference; lastKnownFileType = sourcecode.swift; path = RecipeCorpus2Tests.swift; sourceTree = "<group>"; };
		M1068T01MATCHSVC00000B /* IngredientMatchServiceTests.swift */ = {isa = PBXFileReference; lastKnownFileType = sourcecode.swift; path = IngredientMatchServiceTests.swift; sourceTree = "<group>"; };
		M106T001MOCKLLMPARSER000B /* MockLLMIngredientParser.swift */ = {isa = PBXFileReference; lastKnownFileType = sourcecode.swift; path = MockLLMIngredientParser.swift; sourceTree = "<group>"; };
		M106T002CLAUDETESTS0000B /* ClaudeIngredientParserTests.swift */ = {isa = PBXFileReference; lastKnownFileType = sourcecode.swift; path = ClaudeIngredientParserTests.swift; sourceTree = "<group>"; };
		M106T003LLMSETTINGS0000B /* LLMSettingsServiceTests.swift */ = {isa = PBXFileReference; lastKnownFileType = sourcecode.swift; path = LLMSettingsServiceTests.swift; sourceTree = "<group>"; };
		M106T004IMPORTLLMTEST0B /* RecipeImportServiceLLMTests.swift */ = {isa = PBXFileReference; lastKnownFileType = sourcecode.swift; path = RecipeImportServiceLLMTests.swift; sourceTree = "<group>"; };
		M84P6001VTDTEST0000000B /* ViterbiDecoderTests.swift */ = {isa = PBXFileReference; lastKnownFileType = sourcecode.swift; path = ViterbiDecoderTests.swift; sourceTree = "<group>"; };
		M84P6002MLPTEST0000000B /* MLIngredientParserTests.swift */ = {isa = PBXFileReference; lastKnownFileType = sourcecode.swift; path = MLIngredientParserTests.swift; sourceTree = "<group>"; };
/* End PBXFileReference section */

/* Begin PBXFileSystemSynchronizedBuildFileExceptionSet section */
		9BM10900200020002000001 /* Exceptions for "forager" folder in "forager" target */ = {
			isa = PBXFileSystemSynchronizedBuildFileExceptionSet;
			membershipExceptions = (
				App/Info.plist,
			);
			target = 9B731C282E535C3100CE26F0 /* forager */;
		};
/* End PBXFileSystemSynchronizedBuildFileExceptionSet section */

/* Begin PBXFileSystemSynchronizedRootGroup section */
		9B0555412EDB665C00A57B34 /* forager */ = {
			isa = PBXFileSystemSynchronizedRootGroup;
			exceptions = (
				9BM10900200020002000001 /* Exceptions for "forager" folder in "forager" target */,
			);
			path = forager;
			sourceTree = "<group>";
		};
		9BADD71F2E64E79A00D677DC /* Services */ = {
			isa = PBXFileSystemSynchronizedRootGroup;
			path = Services;
			sourceTree = "<group>";
		};
		9BM10900100010001000001 /* Models */ = {
			isa = PBXFileSystemSynchronizedRootGroup;
			path = Models;
			sourceTree = "<group>";
		};
/* End PBXFileSystemSynchronizedRootGroup section */

/* Begin PBXFrameworksBuildPhase section */
		9B731C262E535C3100CE26F0 /* Frameworks */ = {
			isa = PBXFrameworksBuildPhase;
			buildActionMask = 2147483647;
			files = (
			);
			runOnlyForDeploymentPostprocessing = 0;
		};
		9B731C3A2E535C3300CE26F0 /* Frameworks */ = {
			isa = PBXFrameworksBuildPhase;
			buildActionMask = 2147483647;
			files = (
			);
			runOnlyForDeploymentPostprocessing = 0;
		};
		9B731C442E535C3300CE26F0 /* Frameworks */ = {
			isa = PBXFrameworksBuildPhase;
			buildActionMask = 2147483647;
			files = (
			);
			runOnlyForDeploymentPostprocessing = 0;
		};
/* End PBXFrameworksBuildPhase section */

/* Begin PBXGroup section */
		52E9560AEAAE424DA939DD38 /* Parsing */ = {
			isa = PBXGroup;
			children = (
				A9DA9280DCE241D089E8A481 /* RegexIngredientParserTests.swift */,
				25484B6E3C18485695BE861C /* NLPIngredientParserTests.swift */,
				C225C423BCF440348D314FA3 /* HybridIngredientParserTests.swift */,
				D522278D54DA01CCBE6339C5 /* HybridParserRoutingTests.swift */,
				M84P6001VTDTEST0000000B /* ViterbiDecoderTests.swift */,
				M84P6002MLPTEST0000000B /* MLIngredientParserTests.swift */,
			);
			path = Parsing;
			sourceTree = "<group>";
		};
		7E60FCA3AFE7F773C70C926E /* Mocks */ = {
			isa = PBXGroup;
			children = (
				F4CF2DF120A08DEF84DD9B24 /* MockIngredientParser.swift */,
			);
			path = Mocks;
			sourceTree = "<group>";
		};
		9B0555692EDB69CD00A57B34 /* foragerTests */ = {
			isa = PBXGroup;
			children = (
				9B75A00A0005000500B24679 /* CoreDataInvariantsTests.swift */,
				7E60FCA3AFE7F773C70C926E /* Mocks */,
				9B78C7B52F36335900B24679 /* Services */,
				9B56ECA82F08293B00877716 /* PersistenceTests */,
			);
			path = foragerTests;
			sourceTree = "<group>";
		};
		9B0555722EDB6A0D00A57B34 /* foragerUITests */ = {
			isa = PBXGroup;
			children = (
				9B0555702EDB6A0D00A57B34 /* GroceryRecipeManagerUITests.swift */,
				9B0555712EDB6A0D00A57B34 /* GroceryRecipeManagerUITestsLaunchTests.swift */,
			);
			path = foragerUITests;
			sourceTree = "<group>";
		};
		9B56ECA82F08293B00877716 /* PersistenceTests */ = {
			isa = PBXGroup;
			children = (
				9B56ECA72F08293B00877716 /* MigrationValidationTests.swift */,
			);
			path = PersistenceTests;
			sourceTree = "<group>";
		};
		9B731C202E535C3100CE26F0 = {
			isa = PBXGroup;
			children = (
				9B0555412EDB665C00A57B34 /* forager */,
				9B0555692EDB69CD00A57B34 /* foragerTests */,
				9B0555722EDB6A0D00A57B34 /* foragerUITests */,
				9BM10900100010001000001 /* Models */,
				9B731C2A2E535C3100CE26F0 /* Products */,
				9BADD71F2E64E79A00D677DC /* Services */,
			);
			sourceTree = "<group>";
		};
		9B731C2A2E535C3100CE26F0 /* Products */ = {
			isa = PBXGroup;
			children = (
				9B731C292E535C3100CE26F0 /* forager.app */,
				9B731C3D2E535C3300CE26F0 /* foragerTests.xctest */,
				9B731C472E535C3300CE26F0 /* foragerUITests.xctest */,
			);
			name = Products;
			sourceTree = "<group>";
		};
		9B78C7B52F36335900B24679 /* Services */ = {
			isa = PBXGroup;
			children = (
				52E9560AEAAE424DA939DD38 /* Parsing */,
				9B78C7B72F36340000B24679 /* GroceryMergeServiceTests.swift */,
				9B78C7D02F36360000B24679 /* IngredientParsingServiceCleanNameTests.swift */,
				9B75A0050003000300B24679 /* IngredientTemplateServiceTests.swift */,
				9B78C7C02F36350000B24679 /* IngredientTemplateValidationTests.swift */,
				9B78C7C22F36350100B24679 /* IngredientTemplateNormalizationTests.swift */,
				9B75A0070004000400B24679 /* ParsingIntegrationTests.swift */,
				9B78C7B42F36335900B24679 /* ParsingTelemetryServiceTests.swift */,
				9B75A0010001000100B24679 /* RecipeServiceTests.swift */,
				9B75A0030002000200B24679 /* WeeklyListServiceTests.swift */,
				M102T001OCRCLASS0000000B /* OCRLineClassifierTests.swift */,
				M102T002HEURTEXT0000000B /* HeuristicTextExtractorTests.swift */,
				M105T001CORPUSTEST000000B /* RecipeCorpusTests.swift */,
				M105T002FMCOMPARE000000B /* RecipeCorpusFMComparisonTests.swift */,
				M105T003CORPUS2TEST0000B /* RecipeCorpus2Tests.swift */,
				M106T001MOCKLLMPARSER000B /* MockLLMIngredientParser.swift */,
				M106T002CLAUDETESTS0000B /* ClaudeIngredientParserTests.swift */,
				M106T003LLMSETTINGS0000B /* LLMSettingsServiceTests.swift */,
				M106T004IMPORTLLMTEST0B /* RecipeImportServiceLLMTests.swift */,
				M1068T01MATCHSVC00000B /* IngredientMatchServiceTests.swift */,
			);
			path = Services;
			sourceTree = "<group>";
		};
/* End PBXGroup section */

/* Begin PBXNativeTarget section */
		9B731C282E535C3100CE26F0 /* forager */ = {
			isa = PBXNativeTarget;
			buildConfigurationList = 9B731C502E535C3300CE26F0 /* Build configuration list for PBXNativeTarget "forager" */;
			buildPhases = (
				9B731C252E535C3100CE26F0 /* Sources */,
				9B731C262E535C3100CE26F0 /* Frameworks */,
				9B731C272E535C3100CE26F0 /* Resources */,
			);
			buildRules = (
			);
			dependencies = (
			);
			fileSystemSynchronizedGroups = (
				9B0555412EDB665C00A57B34 /* forager */,
				9BADD71F2E64E79A00D677DC /* Services */,
				9BM10900100010001000001 /* Models */,
			);
			name = forager;
			packageProductDependencies = (
			);
			productName = GroceryRecipeManager;
			productReference = 9B731C292E535C3100CE26F0 /* forager.app */;
			productType = "com.apple.product-type.application";
		};
		9B731C3C2E535C3300CE26F0 /* foragerTests */ = {
			isa = PBXNativeTarget;
			buildConfigurationList = 9B731C552E535C3300CE26F0 /* Build configuration list for PBXNativeTarget "foragerTests" */;
			buildPhases = (
				9B731C392E535C3300CE26F0 /* Sources */,
				9B731C3A2E535C3300CE26F0 /* Frameworks */,
				9B731C3B2E535C3300CE26F0 /* Resources */,
			);
			buildRules = (
			);
			dependencies = (
				9B731C3F2E535C3300CE26F0 /* PBXTargetDependency */,
			);
			name = foragerTests;
			packageProductDependencies = (
			);
			productName = GroceryRecipeManagerTests;
			productReference = 9B731C3D2E535C3300CE26F0 /* foragerTests.xctest */;
			productType = "com.apple.product-type.bundle.unit-test";
		};
		9B731C462E535C3300CE26F0 /* foragerUITests */ = {
			isa = PBXNativeTarget;
			buildConfigurationList = 9B731C582E535C3300CE26F0 /* Build configuration list for PBXNativeTarget "foragerUITests" */;
			buildPhases = (
				9B731C432E535C3300CE26F0 /* Sources */,
				9B731C442E535C3300CE26F0 /* Frameworks */,
				9B731C452E535C3300CE26F0 /* Resources */,
			);
			buildRules = (
			);
			dependencies = (
				9B731C492E535C3300CE26F0 /* PBXTargetDependency */,
			);
			name = foragerUITests;
			packageProductDependencies = (
			);
			productName = GroceryRecipeManagerUITests;
			productReference = 9B731C472E535C3300CE26F0 /* foragerUITests.xctest */;
			productType = "com.apple.product-type.bundle.ui-testing";
		};
/* End PBXNativeTarget section */

/* Begin PBXProject section */
		9B731C212E535C3100CE26F0 /* Project object */ = {
			isa = PBXProject;
			attributes = {
				BuildIndependentTargetsInParallel = 1;
				LastSwiftUpdateCheck = 2620;
				LastUpgradeCheck = 2600;
				TargetAttributes = {
					9B731C282E535C3100CE26F0 = {
						CreatedOnToolsVersion = 16.4;
					};
					9B731C3C2E535C3300CE26F0 = {
						CreatedOnToolsVersion = 16.4;
						TestTargetID = 9B731C282E535C3100CE26F0;
					};
					9B731C462E535C3300CE26F0 = {
						CreatedOnToolsVersion = 16.4;
						TestTargetID = 9B731C282E535C3100CE26F0;
					};
				};
			};
			buildConfigurationList = 9B731C242E535C3100CE26F0 /* Build configuration list for PBXProject "forager" */;
			developmentRegion = en;
			hasScannedForEncodings = 0;
			knownRegions = (
				en,
				Base,
			);
			mainGroup = 9B731C202E535C3100CE26F0;
			minimizedProjectReferenceProxies = 1;
			preferredProjectObjectVersion = 77;
			productRefGroup = 9B731C2A2E535C3100CE26F0 /* Products */;
			projectDirPath = "";
			projectRoot = "";
			targets = (
				9B731C282E535C3100CE26F0 /* forager */,
				9B731C3C2E535C3300CE26F0 /* foragerTests */,
				9B731C462E535C3300CE26F0 /* foragerUITests */,
			);
		};
/* End PBXProject section */

/* Begin PBXResourcesBuildPhase section */
		9B731C272E535C3100CE26F0 /* Resources */ = {
			isa = PBXResourcesBuildPhase;
			buildActionMask = 2147483647;
			files = (
			);
			runOnlyForDeploymentPostprocessing = 0;
		};
		9B731C3B2E535C3300CE26F0 /* Resources */ = {
			isa = PBXResourcesBuildPhase;
			buildActionMask = 2147483647;
			files = (
			);
			runOnlyForDeploymentPostprocessing = 0;
		};
		9B731C452E535C3300CE26F0 /* Resources */ = {
			isa = PBXResourcesBuildPhase;
			buildActionMask = 2147483647;
			files = (
			);
			runOnlyForDeploymentPostprocessing = 0;
		};
/* End PBXResourcesBuildPhase section */

/* Begin PBXSourcesBuildPhase section */
		9B731C252E535C3100CE26F0 /* Sources */ = {
			isa = PBXSourcesBuildPhase;
			buildActionMask = 2147483647;
			files = (
			);
			runOnlyForDeploymentPostprocessing = 0;
		};
		9B731C392E535C3300CE26F0 /* Sources */ = {
			isa = PBXSourcesBuildPhase;
			buildActionMask = 2147483647;
			files = (
				2B7444CCCB65A52DEBEC3B2B /* MockIngredientParser.swift in Sources */,
				D4DB75CB66752D202B0B1B0B /* HybridParserRoutingTests.swift in Sources */,
				9B56ECA92F08293B00877716 /* MigrationValidationTests.swift in Sources */,
				9B78C7B82F36340000B24679 /* GroceryMergeServiceTests.swift in Sources */,
				9B78C7D12F36360000B24679 /* IngredientParsingServiceCleanNameTests.swift in Sources */,
				9B75A0060003000300B24679 /* IngredientTemplateServiceTests.swift in Sources */,
				9B78C7C12F36350000B24679 /* IngredientTemplateValidationTests.swift in Sources */,
				9B78C7C32F36350100B24679 /* IngredientTemplateNormalizationTests.swift in Sources */,
				9B78C7B62F36335900B24679 /* ParsingTelemetryServiceTests.swift in Sources */,
				9B75A0080004000400B24679 /* ParsingIntegrationTests.swift in Sources */,
				9B75A00B0006000600B24679 /* CoreDataInvariantsTests.swift in Sources */,
				9B75A0020001000100B24679 /* RecipeServiceTests.swift in Sources */,
				9B75A0040002000200B24679 /* WeeklyListServiceTests.swift in Sources */,
				E4D6DEE7E01946BAB09AD618 /* RegexIngredientParserTests.swift in Sources */,
				09CF86D193C34F728A3916E4 /* NLPIngredientParserTests.swift in Sources */,
				C3F6AF95B8B94FD3AA53BA1D /* HybridIngredientParserTests.swift in Sources */,
				M84P6001VTDTEST0000000A /* ViterbiDecoderTests.swift in Sources */,
				M84P6002MLPTEST0000000A /* MLIngredientParserTests.swift in Sources */,
				M102T001OCRCLASS0000000A /* OCRLineClassifierTests.swift in Sources */,
				M102T002HEURTEXT0000000A /* HeuristicTextExtractorTests.swift in Sources */,
				M105T001CORPUSTEST000000A /* RecipeCorpusTests.swift in Sources */,
				M105T002FMCOMPARE000000A /* RecipeCorpusFMComparisonTests.swift in Sources */,
				M105T003CORPUS2TEST0000A /* RecipeCorpus2Tests.swift in Sources */,
				M106T001MOCKLLMPARSER000A /* MockLLMIngredientParser.swift in Sources */,
				M106T002CLAUDETESTS0000A /* ClaudeIngredientParserTests.swift in Sources */,
				M106T003LLMSETTINGS0000A /* LLMSettingsServiceTests.swift in Sources */,
				M106T004IMPORTLLMTEST0A /* RecipeImportServiceLLMTests.swift in Sources */,
				M1068T01MATCHSVC00000A /* IngredientMatchServiceTests.swift in Sources */,
			);
			runOnlyForDeploymentPostprocessing = 0;
		};
		9B731C432E535C3300CE26F0 /* Sources */ = {
			isa = PBXSourcesBuildPhase;
			buildActionMask = 2147483647;
			files = (
				9B0555732EDB6A0D00A57B34 /* GroceryRecipeManagerUITestsLaunchTests.swift in Sources */,
				9B0555742EDB6A0D00A57B34 /* GroceryRecipeManagerUITests.swift in Sources */,
			);
			runOnlyForDeploymentPostprocessing = 0;
		};
/* End PBXSourcesBuildPhase section */

/* Begin PBXTargetDependency section */
		9B731C3F2E535C3300CE26F0 /* PBXTargetDependency */ = {
			isa = PBXTargetDependency;
			target = 9B731C282E535C3100CE26F0 /* forager */;
			targetProxy = 9B731C3E2E535C3300CE26F0 /* PBXContainerItemProxy */;
		};
		9B731C492E535C3300CE26F0 /* PBXTargetDependency */ = {
			isa = PBXTargetDependency;
			target = 9B731C282E535C3100CE26F0 /* forager */;
			targetProxy = 9B731C482E535C3300CE26F0 /* PBXContainerItemProxy */;
		};
/* End PBXTargetDependency section */

/* Begin XCBuildConfiguration section */
		9B731C512E535C3300CE26F0 /* Debug */ = {
			isa = XCBuildConfiguration;
			buildSettings = {
				ASSETCATALOG_COMPILER_APPICON_NAME = AppIcon;
				ASSETCATALOG_COMPILER_GLOBAL_ACCENT_COLOR_NAME = AccentColor;
				CODE_SIGN_ENTITLEMENTS = forager/App/forager.entitlements;
				CODE_SIGN_IDENTITY = "Apple Development";
				CODE_SIGN_STYLE = Automatic;
				CURRENT_PROJECT_VERSION = 28;
				DEVELOPMENT_TEAM = 93FT2PT9NM;
				ENABLE_APP_SANDBOX = YES;
				ENABLE_PREVIEWS = YES;
				ENABLE_USER_SELECTED_FILES = readonly;
				GENERATE_INFOPLIST_FILE = YES;
				INFOPLIST_FILE = forager/App/Info.plist;
				INFOPLIST_KEY_CFBundleDisplayName = forager;
				INFOPLIST_KEY_LSApplicationCategoryType = "public.app-category.healthcare-fitness";
				INFOPLIST_KEY_UIApplicationSceneManifest_Generation = YES;
				INFOPLIST_KEY_UIApplicationSupportsIndirectInputEvents = YES;
				INFOPLIST_KEY_UISupportedInterfaceOrientations_iPad = "UIInterfaceOrientationPortrait UIInterfaceOrientationPortraitUpsideDown UIInterfaceOrientationLandscapeLeft UIInterfaceOrientationLandscapeRight";
				INFOPLIST_KEY_UISupportedInterfaceOrientations_iPhone = "UIInterfaceOrientationPortrait UIInterfaceOrientationLandscapeLeft UIInterfaceOrientationLandscapeRight";
				LD_RUNPATH_SEARCH_PATHS = (
					"$(inherited)",
					"@executable_path/Frameworks",
				);
				MARKETING_VERSION = 2;
				PRODUCT_BUNDLE_IDENTIFIER = com.richhayn.forager;
				PRODUCT_NAME = "$(TARGET_NAME)";
				PROVISIONING_PROFILE_SPECIFIER = "";
				SUPPORTED_PLATFORMS = "iphoneos iphonesimulator";
				SUPPORTS_MACCATALYST = NO;
				SUPPORTS_MAC_DESIGNED_FOR_IPHONE_IPAD = NO;
				SUPPORTS_XR_DESIGNED_FOR_IPHONE_IPAD = NO;
				SWIFT_EMIT_LOC_STRINGS = YES;
				SWIFT_VERSION = 5.0;
				TARGETED_DEVICE_FAMILY = "1,2";
			};
			name = Debug;
		};
		9B731C522E535C3300CE26F0 /* Release */ = {
			isa = XCBuildConfiguration;
			buildSettings = {
				ASSETCATALOG_COMPILER_APPICON_NAME = AppIcon;
				ASSETCATALOG_COMPILER_GLOBAL_ACCENT_COLOR_NAME = AccentColor;
				CODE_SIGN_ENTITLEMENTS = forager/App/forager.entitlements;
				CODE_SIGN_IDENTITY = "Apple Development";
				CODE_SIGN_STYLE = Automatic;
				CURRENT_PROJECT_VERSION = 28;
				DEVELOPMENT_TEAM = 93FT2PT9NM;
				ENABLE_APP_SANDBOX = YES;
				ENABLE_PREVIEWS = YES;
				ENABLE_USER_SELECTED_FILES = readonly;
				GENERATE_INFOPLIST_FILE = YES;
				INFOPLIST_FILE = forager/App/Info.plist;
				INFOPLIST_KEY_CFBundleDisplayName = forager;
				INFOPLIST_KEY_LSApplicationCategoryType = "public.app-category.healthcare-fitness";
				INFOPLIST_KEY_UIApplicationSceneManifest_Generation = YES;
				INFOPLIST_KEY_UIApplicationSupportsIndirectInputEvents = YES;
				INFOPLIST_KEY_UISupportedInterfaceOrientations_iPad = "UIInterfaceOrientationPortrait UIInterfaceOrientationPortraitUpsideDown UIInterfaceOrientationLandscapeLeft UIInterfaceOrientationLandscapeRight";
				INFOPLIST_KEY_UISupportedInterfaceOrientations_iPhone = "UIInterfaceOrientationPortrait UIInterfaceOrientationLandscapeLeft UIInterfaceOrientationLandscapeRight";
				LD_RUNPATH_SEARCH_PATHS = (
					"$(inherited)",
					"@executable_path/Frameworks",
				);
				MARKETING_VERSION = 2;
				PRODUCT_BUNDLE_IDENTIFIER = com.richhayn.forager;
				PRODUCT_NAME = "$(TARGET_NAME)";
				PROVISIONING_PROFILE_SPECIFIER = "";
				SUPPORTED_PLATFORMS = "iphoneos iphonesimulator";
				SUPPORTS_MACCATALYST = NO;
				SUPPORTS_MAC_DESIGNED_FOR_IPHONE_IPAD = NO;
				SUPPORTS_XR_DESIGNED_FOR_IPHONE_IPAD = NO;
				SWIFT_EMIT_LOC_STRINGS = YES;
				SWIFT_VERSION = 5.0;
				TARGETED_DEVICE_FAMILY = "1,2";
			};
			name = Release;
		};
		9B731C532E535C3300CE26F0 /* Debug */ = {
			isa = XCBuildConfiguration;
			buildSettings = {
				ALWAYS_SEARCH_USER_PATHS = NO;
				ASSETCATALOG_COMPILER_GENERATE_SWIFT_ASSET_SYMBOL_EXTENSIONS = YES;
				CLANG_ANALYZER_NONNULL = YES;
				CLANG_ANALYZER_NUMBER_OBJECT_CONVERSION = YES_AGGRESSIVE;
				CLANG_CXX_LANGUAGE_STANDARD = "gnu++20";
				CLANG_ENABLE_MODULES = YES;
				CLANG_ENABLE_OBJC_ARC = YES;
				CLANG_ENABLE_OBJC_WEAK = YES;
				CLANG_WARN_BLOCK_CAPTURE_AUTORELEASING = YES;
				CLANG_WARN_BOOL_CONVERSION = YES;
				CLANG_WARN_COMMA = YES;
				CLANG_WARN_CONSTANT_CONVERSION = YES;
				CLANG_WARN_DEPRECATED_OBJC_IMPLEMENTATIONS = YES;
				CLANG_WARN_DIRECT_OBJC_ISA_USAGE = YES_ERROR;
				CLANG_WARN_DOCUMENTATION_COMMENTS = YES;
				CLANG_WARN_EMPTY_BODY = YES;
				CLANG_WARN_ENUM_CONVERSION = YES;
				CLANG_WARN_INFINITE_RECURSION = YES;
				CLANG_WARN_INT_CONVERSION = YES;
				CLANG_WARN_NON_LITERAL_NULL_CONVERSION = YES;
				CLANG_WARN_OBJC_IMPLICIT_RETAIN_SELF = YES;
				CLANG_WARN_OBJC_LITERAL_CONVERSION = YES;
				CLANG_WARN_OBJC_ROOT_CLASS = YES_ERROR;
				CLANG_WARN_QUOTED_INCLUDE_IN_FRAMEWORK_HEADER = YES;
				CLANG_WARN_RANGE_LOOP_ANALYSIS = YES;
				CLANG_WARN_STRICT_PROTOTYPES = YES;
				CLANG_WARN_SUSPICIOUS_MOVE = YES;
				CLANG_WARN_UNGUARDED_AVAILABILITY = YES_AGGRESSIVE;
				CLANG_WARN_UNREACHABLE_CODE = YES;
				CLANG_WARN__DUPLICATE_METHOD_MATCH = YES;
				COPY_PHASE_STRIP = NO;
				DEBUG_INFORMATION_FORMAT = dwarf;
				DEVELOPMENT_TEAM = 93FT2PT9NM;
				ENABLE_STRICT_OBJC_MSGSEND = YES;
				ENABLE_TESTABILITY = YES;
				ENABLE_USER_SCRIPT_SANDBOXING = YES;
				GCC_C_LANGUAGE_STANDARD = gnu17;
				GCC_DYNAMIC_NO_PIC = NO;
				GCC_NO_COMMON_BLOCKS = YES;
				GCC_OPTIMIZATION_LEVEL = 0;
				GCC_PREPROCESSOR_DEFINITIONS = (
					"DEBUG=1",
					"$(inherited)",
				);
				GCC_WARN_64_TO_32_BIT_CONVERSION = YES;
				GCC_WARN_ABOUT_RETURN_TYPE = YES_ERROR;
				GCC_WARN_UNDECLARED_SELECTOR = YES;
				GCC_WARN_UNINITIALIZED_AUTOS = YES_AGGRESSIVE;
				GCC_WARN_UNUSED_FUNCTION = YES;
				GCC_WARN_UNUSED_VARIABLE = YES;
				IPHONEOS_DEPLOYMENT_TARGET = 26.0;
				LOCALIZATION_PREFERS_STRING_CATALOGS = YES;
				MTL_ENABLE_DEBUG_INFO = INCLUDE_SOURCE;
				MTL_FAST_MATH = YES;
				ONLY_ACTIVE_ARCH = YES;
				SDKROOT = iphoneos;
				STRING_CATALOG_GENERATE_SYMBOLS = YES;
				SWIFT_ACTIVE_COMPILATION_CONDITIONS = "DEBUG $(inherited)";
				SWIFT_OPTIMIZATION_LEVEL = "-Onone";
			};
			name = Debug;
		};
		9B731C542E535C3300CE26F0 /* Release */ = {
			isa = XCBuildConfiguration;
			buildSettings = {
				ALWAYS_SEARCH_USER_PATHS = NO;
				ASSETCATALOG_COMPILER_GENERATE_SWIFT_ASSET_SYMBOL_EXTENSIONS = YES;
				CLANG_ANALYZER_NONNULL = YES;
				CLANG_ANALYZER_NUMBER_OBJECT_CONVERSION = YES_AGGRESSIVE;
				CLANG_CXX_LANGUAGE_STANDARD = "gnu++20";
				CLANG_ENABLE_MODULES = YES;
				CLANG_ENABLE_OBJC_ARC = YES;
				CLANG_ENABLE_OBJC_WEAK = YES;
				CLANG_WARN_BLOCK_CAPTURE_AUTORELEASING = YES;
				CLANG_WARN_BOOL_CONVERSION = YES;
				CLANG_WARN_COMMA = YES;
				CLANG_WARN_CONSTANT_CONVERSION = YES;
				CLANG_WARN_DEPRECATED_OBJC_IMPLEMENTATIONS = YES;
				CLANG_WARN_DIRECT_OBJC_ISA_USAGE = YES_ERROR;
				CLANG_WARN_DOCUMENTATION_COMMENTS = YES;
				CLANG_WARN_EMPTY_BODY = YES;
				CLANG_WARN_ENUM_CONVERSION = YES;
				CLANG_WARN_INFINITE_RECURSION = YES;
				CLANG_WARN_INT_CONVERSION = YES;
				CLANG_WARN_NON_LITERAL_NULL_CONVERSION = YES;
				CLANG_WARN_OBJC_IMPLICIT_RETAIN_SELF = YES;
				CLANG_WARN_OBJC_LITERAL_CONVERSION = YES;
				CLANG_WARN_OBJC_ROOT_CLASS = YES_ERROR;
				CLANG_WARN_QUOTED_INCLUDE_IN_FRAMEWORK_HEADER = YES;
				CLANG_WARN_RANGE_LOOP_ANALYSIS = YES;
				CLANG_WARN_STRICT_PROTOTYPES = YES;
				CLANG_WARN_SUSPICIOUS_MOVE = YES;
				CLANG_WARN_UNGUARDED_AVAILABILITY = YES_AGGRESSIVE;
				CLANG_WARN_UNREACHABLE_CODE = YES;
				CLANG_WARN__DUPLICATE_METHOD_MATCH = YES;
				COPY_PHASE_STRIP = NO;
				DEBUG_INFORMATION_FORMAT = "dwarf-with-dsym";
				DEVELOPMENT_TEAM = 93FT2PT9NM;
				ENABLE_NS_ASSERTIONS = NO;
				ENABLE_STRICT_OBJC_MSGSEND = YES;
				ENABLE_USER_SCRIPT_SANDBOXING = YES;
				GCC_C_LANGUAGE_STANDARD = gnu17;
				GCC_NO_COMMON_BLOCKS = YES;
				GCC_WARN_64_TO_32_BIT_CONVERSION = YES;
				GCC_WARN_ABOUT_RETURN_TYPE = YES_ERROR;
				GCC_WARN_UNDECLARED_SELECTOR = YES;
				GCC_WARN_UNINITIALIZED_AUTOS = YES_AGGRESSIVE;
				GCC_WARN_UNUSED_FUNCTION = YES;
				GCC_WARN_UNUSED_VARIABLE = YES;
				IPHONEOS_DEPLOYMENT_TARGET = 26.0;
				LOCALIZATION_PREFERS_STRING_CATALOGS = YES;
				MTL_ENABLE_DEBUG_INFO = NO;
				MTL_FAST_MATH = YES;
				SDKROOT = iphoneos;
				STRING_CATALOG_GENERATE_SYMBOLS = YES;
				SWIFT_COMPILATION_MODE = wholemodule;
				VALIDATE_PRODUCT = YES;
			};
			name = Release;
		};
		9B731C562E535C3300CE26F0 /* Debug */ = {
			isa = XCBuildConfiguration;
			buildSettings = {
				BUNDLE_LOADER = "$(BUILT_PRODUCTS_DIR)/forager.app/$(BUNDLE_EXECUTABLE_FOLDER_PATH)/forager";
				CODE_SIGN_STYLE = Automatic;
				CURRENT_PROJECT_VERSION = 1;
				DEVELOPMENT_TEAM = 93FT2PT9NM;
				GENERATE_INFOPLIST_FILE = YES;
				INFOPLIST_FILE = foragerTests/Info.plist;
				IPHONEOS_DEPLOYMENT_TARGET = 26.0;
				MARKETING_VERSION = 1.0;
				PRODUCT_BUNDLE_IDENTIFIER = com.richhayn.GroceryforagerTests;
				PRODUCT_NAME = "$(TARGET_NAME)";
				SWIFT_EMIT_LOC_STRINGS = NO;
				SWIFT_VERSION = 5.0;
				TARGETED_DEVICE_FAMILY = "1,2";
				TEST_HOST = "$(BUILT_PRODUCTS_DIR)/forager.app/$(BUNDLE_EXECUTABLE_FOLDER_PATH)/forager";
			};
			name = Debug;
		};
		9B731C572E535C3300CE26F0 /* Release */ = {
			isa = XCBuildConfiguration;
			buildSettings = {
				BUNDLE_LOADER = "$(BUILT_PRODUCTS_DIR)/forager.app/$(BUNDLE_EXECUTABLE_FOLDER_PATH)/forager";
				CODE_SIGN_STYLE = Automatic;
				CURRENT_PROJECT_VERSION = 1;
				DEVELOPMENT_TEAM = 93FT2PT9NM;
				GENERATE_INFOPLIST_FILE = YES;
				INFOPLIST_FILE = foragerTests/Info.plist;
				IPHONEOS_DEPLOYMENT_TARGET = 26.0;
				MARKETING_VERSION = 1.0;
				PRODUCT_BUNDLE_IDENTIFIER = com.richhayn.GroceryforagerTests;
				PRODUCT_NAME = "$(TARGET_NAME)";
				SWIFT_EMIT_LOC_STRINGS = NO;
				SWIFT_VERSION = 5.0;
				TARGETED_DEVICE_FAMILY = "1,2";
				TEST_HOST = "$(BUILT_PRODUCTS_DIR)/forager.app/$(BUNDLE_EXECUTABLE_FOLDER_PATH)/forager";
			};
			name = Release;
		};
		9B731C592E535C3300CE26F0 /* Debug */ = {
			isa = XCBuildConfiguration;
			buildSettings = {
				CODE_SIGN_STYLE = Automatic;
				CURRENT_PROJECT_VERSION = 1;
				DEVELOPMENT_TEAM = 93FT2PT9NM;
				GENERATE_INFOPLIST_FILE = YES;
				INFOPLIST_FILE = foragerUITests/Info.plist;
				MARKETING_VERSION = 1.0;
				PRODUCT_BUNDLE_IDENTIFIER = com.richhayn.foragerUITests;
				PRODUCT_NAME = "$(TARGET_NAME)";
				SWIFT_EMIT_LOC_STRINGS = NO;
				SWIFT_VERSION = 5.0;
				TARGETED_DEVICE_FAMILY = "1,2";
				TEST_TARGET_NAME = GroceryRecipeManager;
			};
			name = Debug;
		};
		9B731C5A2E535C3300CE26F0 /* Release */ = {
			isa = XCBuildConfiguration;
			buildSettings = {
				CODE_SIGN_STYLE = Automatic;
				CURRENT_PROJECT_VERSION = 1;
				DEVELOPMENT_TEAM = 93FT2PT9NM;
				GENERATE_INFOPLIST_FILE = YES;
				INFOPLIST_FILE = foragerUITests/Info.plist;
				MARKETING_VERSION = 1.0;
				PRODUCT_BUNDLE_IDENTIFIER = com.richhayn.foragerUITests;
				PRODUCT_NAME = "$(TARGET_NAME)";
				SWIFT_EMIT_LOC_STRINGS = NO;
				SWIFT_VERSION = 5.0;
				TARGETED_DEVICE_FAMILY = "1,2";
				TEST_TARGET_NAME = GroceryRecipeManager;
			};
			name = Release;
		};
/* End XCBuildConfiguration section */

/* Begin XCConfigurationList section */
		9B731C242E535C3100CE26F0 /* Build configuration list for PBXProject "forager" */ = {
			isa = XCConfigurationList;
			buildConfigurations = (
				9B731C532E535C3300CE26F0 /* Debug */,
				9B731C542E535C3300CE26F0 /* Release */,
			);
			defaultConfigurationIsVisible = 0;
			defaultConfigurationName = Release;
		};
		9B731C502E535C3300CE26F0 /* Build configuration list for PBXNativeTarget "forager" */ = {
			isa = XCConfigurationList;
			buildConfigurations = (
				9B731C512E535C3300CE26F0 /* Debug */,
				9B731C522E535C3300CE26F0 /* Release */,
			);
			defaultConfigurationIsVisible = 0;
			defaultConfigurationName = Release;
		};
		9B731C552E535C3300CE26F0 /* Build configuration list for PBXNativeTarget "foragerTests" */ = {
			isa = XCConfigurationList;
			buildConfigurations = (
				9B731C562E535C3300CE26F0 /* Debug */,
				9B731C572E535C3300CE26F0 /* Release */,
			);
			defaultConfigurationIsVisible = 0;
			defaultConfigurationName = Release;
		};
		9B731C582E535C3300CE26F0 /* Build configuration list for PBXNativeTarget "foragerUITests" */ = {
			isa = XCConfigurationList;
			buildConfigurations = (
				9B731C592E535C3300CE26F0 /* Debug */,
				9B731C5A2E535C3300CE26F0 /* Release */,
			);
			defaultConfigurationIsVisible = 0;
			defaultConfigurationName = Release;
		};
/* End XCConfigurationList section */
	};
	rootObject = 9B731C212E535C3100CE26F0 /* Project object */;
}
